
Microsoft Visual Studio Solution File, Format Version 12.00
# Visual Studio Version 17
VisualStudioVersion = 17.9.34714.143
MinimumVisualStudioVersion = 10.0.40219.1
Project("{FAE04EC0-301F-11D3-BF4B-00C04F79EFBC}") = "KonwersjaFnaCiK", "KonwersjaFnaCiK.csproj", "{1238E482-01BF-4F39-A6BD-736D502F9DF3}"
EndProject
Global
	GlobalSection(SolutionConfigurationPlatforms) = preSolution
		Debug|Any CPU = Debug|Any CPU
		Release|Any CPU = Release|Any CPU
	EndGlobalSection
	GlobalSection(ProjectConfigurationPlatforms) = postSolution
		{1238E482-01BF-4F39-A6BD-736D502F9DF3}.Debug|Any CPU.ActiveCfg = Debug|Any CPU
		{1238E482-01BF-4F39-A6BD-736D502F9DF3}.Debug|Any CPU.Build.0 = Debug|Any CPU
		{1238E482-01BF-4F39-A6BD-736D502F9DF3}.Release|Any CPU.ActiveCfg = Release|Any CPU
		{1238E482-01BF-4F39-A6BD-736D502F9DF3}.Release|Any CPU.Build.0 = Release|Any CPU
	EndGlobalSection
	GlobalSection(SolutionProperties) = preSolution
		HideSolutionNode = FALSE
	EndGlobalSection
	GlobalSection(ExtensibilityGlobals) = postSolution
		SolutionGuid = {29FD80FE-2636-45CA-A25B-7FF9D5473E33}
	EndGlobalSection
EndGlobal
