
Microsoft Visual Studio Solution File, Format Version 12.00
# Visual Studio Version 17
VisualStudioVersion = 17.9.34714.143
MinimumVisualStudioVersion = 10.0.40219.1
Project("{FAE04EC0-301F-11D3-BF4B-00C04F79EFBC}") = "Lekcja4", "Lekcja4.csproj", "{62905A5F-965D-424F-905F-F69EA7D188F5}"
EndProject
Global
	GlobalSection(SolutionConfigurationPlatforms) = preSolution
		Debug|Any CPU = Debug|Any CPU
		Release|Any CPU = Release|Any CPU
	EndGlobalSection
	GlobalSection(ProjectConfigurationPlatforms) = postSolution
		{62905A5F-965D-424F-905F-F69EA7D188F5}.Debug|Any CPU.ActiveCfg = Debug|Any CPU
		{62905A5F-965D-424F-905F-F69EA7D188F5}.Debug|Any CPU.Build.0 = Debug|Any CPU
		{62905A5F-965D-424F-905F-F69EA7D188F5}.Release|Any CPU.ActiveCfg = Release|Any CPU
		{62905A5F-965D-424F-905F-F69EA7D188F5}.Release|Any CPU.Build.0 = Release|Any CPU
	EndGlobalSection
	GlobalSection(SolutionProperties) = preSolution
		HideSolutionNode = FALSE
	EndGlobalSection
	GlobalSection(ExtensibilityGlobals) = postSolution
		SolutionGuid = {C246C047-1563-4241-8072-91A16ECA46E9}
	EndGlobalSection
EndGlobal
