
Microsoft Visual Studio Solution File, Format Version 12.00
# Visual Studio Version 17
VisualStudioVersion = 17.9.34714.143
MinimumVisualStudioVersion = 10.0.40219.1
Project("{FAE04EC0-301F-11D3-BF4B-00C04F79EFBC}") = "Projket_Punkt", "Projket_Punkt.csproj", "{33C7EED9-638B-4983-A772-2BE84BF00C05}"
EndProject
Global
	GlobalSection(SolutionConfigurationPlatforms) = preSolution
		Debug|Any CPU = Debug|Any CPU
		Release|Any CPU = Release|Any CPU
	EndGlobalSection
	GlobalSection(ProjectConfigurationPlatforms) = postSolution
		{33C7EED9-638B-4983-A772-2BE84BF00C05}.Debug|Any CPU.ActiveCfg = Debug|Any CPU
		{33C7EED9-638B-4983-A772-2BE84BF00C05}.Debug|Any CPU.Build.0 = Debug|Any CPU
		{33C7EED9-638B-4983-A772-2BE84BF00C05}.Release|Any CPU.ActiveCfg = Release|Any CPU
		{33C7EED9-638B-4983-A772-2BE84BF00C05}.Release|Any CPU.Build.0 = Release|Any CPU
	EndGlobalSection
	GlobalSection(SolutionProperties) = preSolution
		HideSolutionNode = FALSE
	EndGlobalSection
	GlobalSection(ExtensibilityGlobals) = postSolution
		SolutionGuid = {769DB40E-8369-4C9A-8BCA-EF74C976C9AA}
	EndGlobalSection
EndGlobal
