
Microsoft Visual Studio Solution File, Format Version 12.00
# Visual Studio Version 17
VisualStudioVersion = 17.9.34714.143
MinimumVisualStudioVersion = 10.0.40219.1
Project("{FAE04EC0-301F-11D3-BF4B-00C04F79EFBC}") = "Projekt2", "Projekt2.csproj", "{B27629DB-F271-4572-9F50-71A187AA5B76}"
EndProject
Global
	GlobalSection(SolutionConfigurationPlatforms) = preSolution
		Debug|Any CPU = Debug|Any CPU
		Release|Any CPU = Release|Any CPU
	EndGlobalSection
	GlobalSection(ProjectConfigurationPlatforms) = postSolution
		{B27629DB-F271-4572-9F50-71A187AA5B76}.Debug|Any CPU.ActiveCfg = Debug|Any CPU
		{B27629DB-F271-4572-9F50-71A187AA5B76}.Debug|Any CPU.Build.0 = Debug|Any CPU
		{B27629DB-F271-4572-9F50-71A187AA5B76}.Release|Any CPU.ActiveCfg = Release|Any CPU
		{B27629DB-F271-4572-9F50-71A187AA5B76}.Release|Any CPU.Build.0 = Release|Any CPU
	EndGlobalSection
	GlobalSection(SolutionProperties) = preSolution
		HideSolutionNode = FALSE
	EndGlobalSection
	GlobalSection(ExtensibilityGlobals) = postSolution
		SolutionGuid = {785D0515-621C-47D7-B0AC-C1EF1B27DE5E}
	EndGlobalSection
EndGlobal
