
Microsoft Visual Studio Solution File, Format Version 12.00
# Visual Studio Version 17
VisualStudioVersion = 17.9.34714.143
MinimumVisualStudioVersion = 10.0.40219.1
Project("{FAE04EC0-301F-11D3-BF4B-00C04F79EFBC}") = "punktOdcinek", "punktOdcinek.csproj", "{39DD8C74-075E-4DDE-990F-F6ECA3E7BB55}"
EndProject
Global
	GlobalSection(SolutionConfigurationPlatforms) = preSolution
		Debug|Any CPU = Debug|Any CPU
		Release|Any CPU = Release|Any CPU
	EndGlobalSection
	GlobalSection(ProjectConfigurationPlatforms) = postSolution
		{39DD8C74-075E-4DDE-990F-F6ECA3E7BB55}.Debug|Any CPU.ActiveCfg = Debug|Any CPU
		{39DD8C74-075E-4DDE-990F-F6ECA3E7BB55}.Debug|Any CPU.Build.0 = Debug|Any CPU
		{39DD8C74-075E-4DDE-990F-F6ECA3E7BB55}.Release|Any CPU.ActiveCfg = Release|Any CPU
		{39DD8C74-075E-4DDE-990F-F6ECA3E7BB55}.Release|Any CPU.Build.0 = Release|Any CPU
	EndGlobalSection
	GlobalSection(SolutionProperties) = preSolution
		HideSolutionNode = FALSE
	EndGlobalSection
	GlobalSection(ExtensibilityGlobals) = postSolution
		SolutionGuid = {52D00AA3-78AE-4B13-88BC-126E18B0F90F}
	EndGlobalSection
EndGlobal
